// !$*UTF8*$!
{
	archiveVersion = 1;
	classes = {
	};
	objectVersion = 48;
	objects = {

/* Begin PBXBuildFile section */
		C121CE32206D3AC6000CCA72 /* AppDelegate.swift in Sources */ = {isa = PBXBuildFile; fileRef = C121CE31206D3AC6000CCA72 /* AppDelegate.swift */; };
		C121CE34206D3AC6000CCA72 /* ViewController.swift in Sources */ = {isa = PBXBuildFile; fileRef = C121CE33206D3AC6000CCA72 /* ViewController.swift */; };
		C121CE37206D3AC6000CCA72 /* Main.storyboard in Resources */ = {isa = PBXBuildFile; fileRef = C121CE35206D3AC6000CCA72 /* Main.storyboard */; };
		C121CE39206D3AC6000CCA72 /* Assets.xcassets in Resources */ = {isa = PBXBuildFile; fileRef = C121CE38206D3AC6000CCA72 /* Assets.xcassets */; };
		C121CE3C206D3AC6000CCA72 /* LaunchScreen.storyboard in Resources */ = {isa = PBXBuildFile; fileRef = C121CE3A206D3AC6000CCA72 /* LaunchScreen.storyboard */; };
/* End PBXBuildFile section */

/* Begin PBXFileReference section */
		C121CE2E206D3AC6000CCA72 /* Ebook.app */ = {isa = PBXFileReference; explicitFileType = wrapper.application; includeInIndex = 0; path = Ebook.app; sourceTree = BUILT_PRODUCTS_DIR; };
		C121CE31206D3AC6000CCA72 /* AppDelegate.swift */ = {isa = PBXFileReference; lastKnownFileType = sourcecode.swift; path = AppDelegate.swift; sourceTree = "<group>"; };
		C121CE33206D3AC6000CCA72 /* ViewController.swift */ = {isa = PBXFileReference; lastKnownFileType = sourcecode.swift; path = ViewController.swift; sourceTree = "<group>"; };
		C121CE36206D3AC6000CCA72 /* Base */ = {isa = PBXFileReference; lastKnownFileType = file.storyboard; name = Base; path = Base.lproj/Main.storyboard; sourceTree = "<group>"; };
		C121CE38206D3AC6000CCA72 /* Assets.xcassets */ = {isa = PBXFileReference; lastKnownFileType = folder.assetcatalog; path = Assets.xcassets; sourceTree = "<group>"; };
		C121CE3B206D3AC6000CCA72 /* Base */ = {isa = PBXFileReference; lastKnownFileType = file.storyboard; name = Base; path = Base.lproj/LaunchScreen.storyboard; sourceTree = "<group>"; };
		C121CE3D206D3AC7000CCA72 /* Info.plist */ = {isa = PBXFileReference; lastKnownFileType = text.plist.xml; path = Info.plist; sourceTree = "<group>"; };
/* End PBXFileReference section */

/* Begin PBXFrameworksBuildPhase section */
		C121CE2B206D3AC6000CCA72 /* Frameworks */ = {
			isa = PBXFrameworksBuildPhase;
			buildActionMask = 2147483647;
			files = (
			);
			runOnlyForDeploymentPostprocessing = 0;
		};
/* End PBXFrameworksBuildPhase section */

/* Begin PBXGroup section */
		C121CE25206D3AC6000CCA72 = {
			isa = PBXGroup;
			children = (
				C121CE30206D3AC6000CCA72 /* Ebook */,
				C121CE2F206D3AC6000CCA72 /* Products */,
			);
			sourceTree = "<group>";
		};
		C121CE2F206D3AC6000CCA72 /* Products */ = {
			isa = PBXGroup;
			children = (
				C121CE2E206D3AC6000CCA72 /* Ebook.app */,
			);
			name = Products;
			sourceTree = "<group>";
		};
		C121CE30206D3AC6000CCA72 /* Ebook */ = {
			isa = PBXGroup;
			children = (
				C121CE31206D3AC6000CCA72 /* AppDelegate.swift */,
				C121CE33206D3AC6000CCA72 /* ViewController.swift */,
				C121CE35206D3AC6000CCA72 /* Main.storyboard */,
				C121CE38206D3AC6000CCA72 /* Assets.xcassets */,
				C121CE3A206D3AC6000CCA72 /* LaunchScreen.storyboard */,
				C121CE3D206D3AC7000CCA72 /* Info.plist */,
			);
			path = Ebook;
			sourceTree = "<group>";
		};
/* End PBXGroup section */

/* Begin PBXNativeTarget section */
		C121CE2D206D3AC6000CCA72 /* Ebook */ = {
			isa = PBXNativeTarget;
			buildConfigurationList = C121CE40206D3AC7000CCA72 /* Build configuration list for PBXNativeTarget "Ebook" */;
			buildPhases = (
				C121CE2A206D3AC6000CCA72 /* Sources */,
				C121CE2B206D3AC6000CCA72 /* Frameworks */,
				C121CE2C206D3AC6000CCA72 /* Resources */,
			);
			buildRules = (
			);
			dependencies = (
			);
			name = Ebook;
			productName = Ebook;
			productReference = C121CE2E206D3AC6000CCA72 /* Ebook.app */;
			productType = "com.apple.product-type.application";
		};
/* End PBXNativeTarget section */

/* Begin PBXProject section */
		C121CE26206D3AC6000CCA72 /* Project object */ = {
			isa = PBXProject;
			attributes = {
				LastSwiftUpdateCheck = 0920;
				LastUpgradeCheck = 0920;
				ORGANIZATIONNAME = user_21;
				TargetAttributes = {
					C121CE2D206D3AC6000CCA72 = {
						CreatedOnToolsVersion = 9.2;
						ProvisioningStyle = Automatic;
					};
				};
			};
			buildConfigurationList = C121CE29206D3AC6000CCA72 /* Build configuration list for PBXProject "Ebook" */;
			compatibilityVersion = "Xcode 8.0";
			developmentRegion = en;
			hasScannedForEncodings = 0;
			knownRegions = (
				en,
				Base,
			);
			mainGroup = C121CE25206D3AC6000CCA72;
			productRefGroup = C121CE2F206D3AC6000CCA72 /* Products */;
			projectDirPath = "";
			projectRoot = "";
			targets = (
				C121CE2D206D3AC6000CCA72 /* Ebook */,
			);
		};
/* End PBXProject section */

/* Begin PBXResourcesBuildPhase section */
		C121CE2C206D3AC6000CCA72 /* Resources */ = {
			isa = PBXResourcesBuildPhase;
			buildActionMask = 2147483647;
			files = (
				C121CE3C206D3AC6000CCA72 /* LaunchScreen.storyboard in Resources */,
				C121CE39206D3AC6000CCA72 /* Assets.xcassets in Resources */,
				C121CE37206D3AC6000CCA72 /* Main.storyboard in Resources */,
			);
			runOnlyForDeploymentPostprocessing = 0;
		};
/* End PBXResourcesBuildPhase section */

/* Begin PBXSourcesBuildPhase section */
		C121CE2A206D3AC6000CCA72 /* Sources */ = {
			isa = PBXSourcesBuildPhase;
			buildActionMask = 2147483647;
			files = (
				C121CE34206D3AC6000CCA72 /* ViewController.swift in Sources */,
				C121CE32206D3AC6000CCA72 /* AppDelegate.swift in Sources */,
			);
			runOnlyForDeploymentPostprocessing = 0;
		};
/* End PBXSourcesBuildPhase section */

/* Begin PBXVariantGroup section */
		C121CE35206D3AC6000CCA72 /* Main.storyboard */ = {
			isa = PBXVariantGroup;
			children = (
				C121CE36206D3AC6000CCA72 /* Base */,
			);
			name = Main.storyboard;
			sourceTree = "<group>";
		};
		C121CE3A206D3AC6000CCA72 /* LaunchScreen.storyboard */ = {
			isa = PBXVariantGroup;
			children = (
				C121CE3B206D3AC6000CCA72 /* Base */,
			);
			name = LaunchScreen.storyboard;
			sourceTree = "<group>";
		};
/* End PBXVariantGroup section */

/* Begin XCBuildConfiguration section */
		C121CE3E206D3AC7000CCA72 /* Debug */ = {
			isa = XCBuildConfiguration;
			buildSettings = {
				ALWAYS_SEARCH_USER_PATHS = NO;
				CLANG_ANALYZER_NONNULL = YES;
				CLANG_ANALYZER_NUMBER_OBJECT_CONVERSION = YES_AGGRESSIVE;
				CLANG_CXX_LANGUAGE_STANDARD = "gnu++14";
				CLANG_CXX_LIBRARY = "libc++";
				CLANG_ENABLE_MODULES = YES;
				CLANG_ENABLE_OBJC_ARC = YES;
				CLANG_WARN_BLOCK_CAPTURE_AUTORELEASING = YES;
				CLANG_WARN_BOOL_CONVERSION = YES;
				CLANG_WARN_COMMA = YES;
				CLANG_WARN_CONSTANT_CONVERSION = YES;
				CLANG_WARN_DIRECT_OBJC_ISA_USAGE = YES_ERROR;
				CLANG_WARN_DOCUMENTATION_COMMENTS = YES;
				CLANG_WARN_EMPTY_BODY = YES;
				CLANG_WARN_ENUM_CONVERSION = YES;
				CLANG_WARN_INFINITE_RECURSION = YES;
				CLANG_WARN_INT_CONVERSION = YES;
				CLANG_WARN_NON_LITERAL_NULL_CONVERSION = YES;
				CLANG_WARN_OBJC_LITERAL_CONVERSION = YES;
				CLANG_WARN_OBJC_ROOT_CLASS = YES_ERROR;
				CLANG_WARN_RANGE_LOOP_ANALYSIS = YES;
				CLANG_WARN_STRICT_PROTOTYPES = YES;
				CLANG_WARN_SUSPICIOUS_MOVE = YES;
				CLANG_WARN_UNGUARDED_AVAILABILITY = YES_AGGRESSIVE;
				CLANG_WARN_UNREACHABLE_CODE = YES;
				CLANG_WARN__DUPLICATE_METHOD_MATCH = YES;
				CODE_SIGN_IDENTITY = "iPhone Developer";
				COPY_PHASE_STRIP = NO;
				DEBUG_INFORMATION_FORMAT = dwarf;
				ENABLE_STRICT_OBJC_MSGSEND = YES;
				ENABLE_TESTABILITY = YES;
				GCC_C_LANGUAGE_STANDARD = gnu11;
				GCC_DYNAMIC_NO_PIC = NO;
				GCC_NO_COMMON_BLOCKS = YES;
				GCC_OPTIMIZATION_LEVEL = 0;
				GCC_PREPROCESSOR_DEFINITIONS = (
					"DEBUG=1",
					"$(inherited)",
				);
				GCC_WARN_64_TO_32_BIT_CONVERSION = YES;
				GCC_WARN_ABOUT_RETURN_TYPE = YES_ERROR;
				GCC_WARN_UNDECLARED_SELECTOR = YES;
				GCC_WARN_UNINITIALIZED_AUTOS = YES_AGGRESSIVE;
				GCC_WARN_UNUSED_FUNCTION = YES;
				GCC_WARN_UNUSED_VARIABLE = YES;
				IPHONEOS_DEPLOYMENT_TARGET = 11.2;
				MTL_ENABLE_DEBUG_INFO = YES;
				ONLY_ACTIVE_ARCH = YES;
				SDKROOT = iphoneos;
				SWIFT_ACTIVE_COMPILATION_CONDITIONS = DEBUG;
				SWIFT_OPTIMIZATION_LEVEL = "-Onone";
			};
			name = Debug;
		};
		C121CE3F206D3AC7000CCA72 /* Release */ = {
			isa = XCBuildConfiguration;
			buildSettings = {
				ALWAYS_SEARCH_USER_PATHS = NO;
				CLANG_ANALYZER_NONNULL = YES;
				CLANG_ANALYZER_NUMBER_OBJECT_CONVERSION = YES_AGGRESSIVE;
				CLANG_CXX_LANGUAGE_STANDARD = "gnu++14";
				CLANG_CXX_LIBRARY = "libc++";
				CLANG_ENABLE_MODULES = YES;
				CLANG_ENABLE_OBJC_ARC = YES;
				CLANG_WARN_BLOCK_CAPTURE_AUTORELEASING = YES;
				CLANG_WARN_BOOL_CONVERSION = YES;
				CLANG_WARN_COMMA = YES;
				CLANG_WARN_CONSTANT_CONVERSION = YES;
				CLANG_WARN_DIRECT_OBJC_ISA_USAGE = YES_ERROR;
				CLANG_WARN_DOCUMENTATION_COMMENTS = YES;
				CLANG_WARN_EMPTY_BODY = YES;
				CLANG_WARN_ENUM_CONVERSION = YES;
				CLANG_WARN_INFINITE_RECURSION = YES;
				CLANG_WARN_INT_CONVERSION = YES;
				CLANG_WARN_NON_LITERAL_NULL_CONVERSION = YES;
				CLANG_WARN_OBJC_LITERAL_CONVERSION = YES;
				CLANG_WARN_OBJC_ROOT_CLASS = YES_ERROR;
				CLANG_WARN_RANGE_LOOP_ANALYSIS = YES;
				CLANG_WARN_STRICT_PROTOTYPES = YES;
				CLANG_WARN_SUSPICIOUS_MOVE = YES;
				CLANG_WARN_UNGUARDED_AVAILABILITY = YES_AGGRESSIVE;
				CLANG_WARN_UNREACHABLE_CODE = YES;
				CLANG_WARN__DUPLICATE_METHOD_MATCH = YES;
				CODE_SIGN_IDENTITY = "iPhone Developer";
				COPY_PHASE_STRIP = NO;
				DEBUG_INFORMATION_FORMAT = "dwarf-with-dsym";
				ENABLE_NS_ASSERTIONS = NO;
				ENABLE_STRICT_OBJC_MSGSEND = YES;
				GCC_C_LANGUAGE_STANDARD = gnu11;
				GCC_NO_COMMON_BLOCKS = YES;
				GCC_WARN_64_TO_32_BIT_CONVERSION = YES;
				GCC_WARN_ABOUT_RETURN_TYPE = YES_ERROR;
				GCC_WARN_UNDECLARED_SELECTOR = YES;
				GCC_WARN_UNINITIALIZED_AUTOS = YES_AGGRESSIVE;
				GCC_WARN_UNUSED_FUNCTION = YES;
				GCC_WARN_UNUSED_VARIABLE = YES;
				IPHONEOS_DEPLOYMENT_TARGET = 11.2;
				MTL_ENABLE_DEBUG_INFO = NO;
				SDKROOT = iphoneos;
				SWIFT_OPTIMIZATION_LEVEL = "-Owholemodule";
				VALIDATE_PRODUCT = YES;
			};
			name = Release;
		};
		C121CE41206D3AC7000CCA72 /* Debug */ = {
			isa = XCBuildConfiguration;
			buildSettings = {
				ASSETCATALOG_COMPILER_APPICON_NAME = AppIcon;
				CODE_SIGN_STYLE = Automatic;
				DEVELOPMENT_TEAM = TVL7Y56FTG;
				INFOPLIST_FILE = Ebook/Info.plist;
				IPHONEOS_DEPLOYMENT_TARGET = 10.0;
				LD_RUNPATH_SEARCH_PATHS = "$(inherited) @executable_path/Frameworks";
				PRODUCT_BUNDLE_IDENTIFIER = ntou.week3.Ebook;
				PRODUCT_NAME = "$(TARGET_NAME)";
				SWIFT_VERSION = 4.0;
				TARGETED_DEVICE_FAMILY = 1;
			};
			name = Debug;
		};
		C121CE42206D3AC7000CCA72 /* Release */ = {
			isa = XCBuildConfiguration;
			buildSettings = {
				ASSETCATALOG_COMPILER_APPICON_NAME = AppIcon;
				CODE_SIGN_STYLE = Automatic;
				DEVELOPMENT_TEAM = TVL7Y56FTG;
				INFOPLIST_FILE = Ebook/Info.plist;
				IPHONEOS_DEPLOYMENT_TARGET = 10.0;
				LD_RUNPATH_SEARCH_PATHS = "$(inherited) @executable_path/Frameworks";
				PRODUCT_BUNDLE_IDENTIFIER = ntou.week3.Ebook;
				PRODUCT_NAME = "$(TARGET_NAME)";
				SWIFT_VERSION = 4.0;
				TARGETED_DEVICE_FAMILY = 1;
			};
			name = Release;
		};
/* End XCBuildConfiguration section */

/* Begin XCConfigurationList section */
		C121CE29206D3AC6000CCA72 /* Build configuration list for PBXProject "Ebook" */ = {
			isa = XCConfigurationList;
			buildConfigurations = (
				C121CE3E206D3AC7000CCA72 /* Debug */,
				C121CE3F206D3AC7000CCA72 /* Release */,
			);
			defaultConfigurationIsVisible = 0;
			defaultConfigurationName = Release;
		};
		C121CE40206D3AC7000CCA72 /* Build configuration list for PBXNativeTarget "Ebook" */ = {
			isa = XCConfigurationList;
			buildConfigurations = (
				C121CE41206D3AC7000CCA72 /* Debug */,
				C121CE42206D3AC7000CCA72 /* Release */,
			);
			defaultConfigurationIsVisible = 0;
			defaultConfigurationName = Release;
		};
/* End XCConfigurationList section */
	};
	rootObject = C121CE26206D3AC6000CCA72 /* Project object */;
}
